
Microsoft Visual Studio Solution File, Format Version 12.00
# Visual Studio 15
VisualStudioVersion = 15.0.27130.2020
MinimumVisualStudioVersion = 10.0.40219.1
Project("{FAE04EC0-301F-11D3-BF4B-00C04F79EFBC}") = "LTM.School", "LTM.School\LTM.School.csproj", "{D6AAD853-1071-4A61-9971-AB4423A99DAA}"
EndProject
Global
	GlobalSection(SolutionConfigurationPlatforms) = preSolution
		Debug|Any CPU = Debug|Any CPU
		Release|Any CPU = Release|Any CPU
	EndGlobalSection
	GlobalSection(ProjectConfigurationPlatforms) = postSolution
		{D6AAD853-1071-4A61-9971-AB4423A99DAA}.Debug|Any CPU.ActiveCfg = Debug|Any CPU
		{D6AAD853-1071-4A61-9971-AB4423A99DAA}.Debug|Any CPU.Build.0 = Debug|Any CPU
		{D6AAD853-1071-4A61-9971-AB4423A99DAA}.Release|Any CPU.ActiveCfg = Release|Any CPU
		{D6AAD853-1071-4A61-9971-AB4423A99DAA}.Release|Any CPU.Build.0 = Release|Any CPU
	EndGlobalSection
	GlobalSection(SolutionProperties) = preSolution
		HideSolutionNode = FALSE
	EndGlobalSection
	GlobalSection(ExtensibilityGlobals) = postSolution
		SolutionGuid = {FA675CCF-AA51-45E8-89BF-41A9BA70CB11}
	EndGlobalSection
EndGlobal
